
Microsoft Visual Studio Solution File, Format Version 12.00
# Visual Studio Version 17
VisualStudioVersion = 17.10.35013.160
MinimumVisualStudioVersion = 10.0.40219.1
Project("{2150E333-8FDC-42A3-9474-1A3956D46DE8}") = "src", "src", "{1774B583-27A6-4813-9A0E-02AF281F054E}"
EndProject
Project("{9A19103F-16F7-4668-BE54-9A1E7A4F7556}") = "Academy.Web", "src\Academy.Web\Academy.Web.csproj", "{A77B7BD5-B222-43BB-A65F-B1D80A936071}"
EndProject
Project("{2150E333-8FDC-42A3-9474-1A3956D46DE8}") = "Shared", "Shared", "{B0862AD3-74DE-4F0A-805E-AA6B3D1DF886}"
EndProject
Project("{9A19103F-16F7-4668-BE54-9A1E7A4F7556}") = "Academy.SharedKernel", "src\Shared\Academy.SharedKernel\Academy.SharedKernel.csproj", "{4AB1BCBA-CB15-4188-87E1-1085E1558530}"
EndProject
Project("{9A19103F-16F7-4668-BE54-9A1E7A4F7556}") = "Academy.Core", "src\Shared\Academy.Core\Academy.Core.csproj", "{1382D930-CAED-4265-A7C5-07EE73BF2B82}"
EndProject
Project("{9A19103F-16F7-4668-BE54-9A1E7A4F7556}") = "Academy.Framework", "src\Shared\Academy.Framework\Academy.Framework.csproj", "{D47A827B-5696-427A-8FBE-0507A874706E}"
EndProject
Project("{2150E333-8FDC-42A3-9474-1A3956D46DE8}") = "CourseManagement", "CourseManagement", "{8F46D171-FBB6-4C30-8192-E9F90CF88EE1}"
EndProject
Project("{9A19103F-16F7-4668-BE54-9A1E7A4F7556}") = "Academy.CourseManagement.Domain", "src\CourseManagement\Academy.CourseManagement.Domain\Academy.CourseManagement.Domain.csproj", "{F799FB4B-71A6-4356-9E6D-D11CE9D708F8}"
EndProject
Project("{9A19103F-16F7-4668-BE54-9A1E7A4F7556}") = "Academy.CourseManagement.Application", "src\CourseManagement\Academy.CourseManagement.Application\Academy.CourseManagement.Application.csproj", "{0CD39BDB-8CDB-4697-B082-57E620BDC2F4}"
EndProject
Project("{9A19103F-16F7-4668-BE54-9A1E7A4F7556}") = "Academy.CourseManagement.Infrastructure", "src\CourseManagement\Academy.CourseManagement.Infrastructure\Academy.CourseManagement.Infrastructure.csproj", "{8BDA272A-F7D0-49E1-8D5D-0D12E9ED36B9}"
EndProject
Project("{9A19103F-16F7-4668-BE54-9A1E7A4F7556}") = "Academy.CourseManagement.Presentation", "src\CourseManagement\Academy.CourseManagement.Presentation\Academy.CourseManagement.Presentation.csproj", "{0BD67DDC-0E52-4289-8C18-0B5E4E956B79}"
EndProject
Project("{E53339B2-1760-4266-BCC7-CA923CBCF16C}") = "docker-compose", "docker-compose.dcproj", "{4F1C76AA-63E7-471B-B85C-6A9F4176C228}"
EndProject
Project("{9A19103F-16F7-4668-BE54-9A1E7A4F7556}") = "Academy.CourseManagement.Contracts", "src\CourseManagement\Academy.CourseManagement.Contracts\Academy.CourseManagement.Contracts.csproj", "{D489B417-0CCF-4D60-9FA6-34CCB5F03E13}"
EndProject
Project("{2150E333-8FDC-42A3-9474-1A3956D46DE8}") = "FilesService", "FilesService", "{E5AD84D1-22FA-47DB-8C99-BF1F6DF03F72}"
EndProject
Project("{9A19103F-16F7-4668-BE54-9A1E7A4F7556}") = "Academy.FilesService.Contracts", "src\FilesService\Academy.FilesService.Contracts\Academy.FilesService.Contracts.csproj", "{162F9821-BF7E-4A63-B7C0-495CD1FA0DF6}"
EndProject
Project("{9A19103F-16F7-4668-BE54-9A1E7A4F7556}") = "Academy.FilesService.Presentation", "src\FilesService\Academy.FilesService.Presentation\Academy.FilesService.Presentation.csproj", "{27DDF615-5CA8-4ED6-A7DE-82E7AF1156F6}"
EndProject
Project("{9A19103F-16F7-4668-BE54-9A1E7A4F7556}") = "Academy.FilesService.Services", "src\FilesService\Academy.FilesService.Services\Academy.FilesService.Services.csproj", "{4EDAA264-9714-4E3B-8EBC-3F9FE4E309AC}"
EndProject
Project("{9A19103F-16F7-4668-BE54-9A1E7A4F7556}") = "Academy.FilesService.Infractructure", "src\FilesService\Academy.FilesService.Infractructure\Academy.FilesService.Infractructure.csproj", "{38F9D02C-8FE5-4A3F-982F-60CBF829FB48}"
EndProject
Project("{2150E333-8FDC-42A3-9474-1A3956D46DE8}") = "Accounts", "Accounts", "{848D889B-A43A-46E4-91B2-A7A0070F3F70}"
EndProject
Project("{9A19103F-16F7-4668-BE54-9A1E7A4F7556}") = "Academy.Accounts.Presentation", "src\Accounts\Academy.Accounts.Presentation\Academy.Accounts.Presentation.csproj", "{A0354C7A-2C4F-40BC-9D70-F99FE3312AAA}"
EndProject
Project("{9A19103F-16F7-4668-BE54-9A1E7A4F7556}") = "Academy.Accounts.Infrastructure", "src\Accounts\Academy.Accounts.Infrastructure\Academy.Accounts.Infrastructure.csproj", "{37B02681-29EE-45DD-A016-26AA11AE5039}"
EndProject
Project("{9A19103F-16F7-4668-BE54-9A1E7A4F7556}") = "Academy.Accounts.Application", "src\Accounts\Academy.Accounts.Application\Academy.Accounts.Application.csproj", "{E9CEF73F-D260-4F41-86B7-78F1723DB340}"
EndProject
Project("{9A19103F-16F7-4668-BE54-9A1E7A4F7556}") = "Academy.Accounts.Contracts", "src\Accounts\Academy.Accounts.Contracts\Academy.Accounts.Contracts.csproj", "{C0512D3C-C1F1-4E72-A5EF-977C9655B831}"
EndProject
Project("{2150E333-8FDC-42A3-9474-1A3956D46DE8}") = "Management", "Management", "{BC620E8E-619E-44F0-AEDD-B2D6464AAB56}"
EndProject
Project("{FAE04EC0-301F-11D3-BF4B-00C04F79EFBC}") = "Academy.Management.Domain", "src\Management\Academy.Management.Domain\Academy.Management.Domain.csproj", "{4E8D1CCB-0E81-4954-A428-B5BB2F4A4A0E}"
EndProject
Project("{FAE04EC0-301F-11D3-BF4B-00C04F79EFBC}") = "Academy.Management.Application", "src\Management\Academy.Management.Application\Academy.Management.Application.csproj", "{33E244E1-6D70-43B5-91EF-84406804FA5B}"
EndProject
Project("{FAE04EC0-301F-11D3-BF4B-00C04F79EFBC}") = "Academy.Management.Infrastructure", "src\Management\Academy.Management.Infrastructure\Academy.Management.Infrastructure.csproj", "{B7EB1EF4-96B2-4FEC-ADD3-79DF6844AB0D}"
EndProject
Project("{FAE04EC0-301F-11D3-BF4B-00C04F79EFBC}") = "Academy.Management.Presentation", "src\Management\Academy.Management.Presentation\Academy.Management.Presentation.csproj", "{29289BE9-A9C7-48EE-99E7-1C5EAF5A99F4}"
EndProject
Project("{FAE04EC0-301F-11D3-BF4B-00C04F79EFBC}") = "Academy.Management.Contracts", "src\Management\Academy.Management.Contracts\Academy.Management.Contracts.csproj", "{9ABAB477-B830-4EF2-949A-CD9AF5DF0543}"
EndProject
Global
	GlobalSection(SolutionConfigurationPlatforms) = preSolution
		Debug|Any CPU = Debug|Any CPU
		Release|Any CPU = Release|Any CPU
	EndGlobalSection
	GlobalSection(ProjectConfigurationPlatforms) = postSolution
		{A77B7BD5-B222-43BB-A65F-B1D80A936071}.Debug|Any CPU.ActiveCfg = Debug|Any CPU
		{A77B7BD5-B222-43BB-A65F-B1D80A936071}.Debug|Any CPU.Build.0 = Debug|Any CPU
		{A77B7BD5-B222-43BB-A65F-B1D80A936071}.Release|Any CPU.ActiveCfg = Release|Any CPU
		{A77B7BD5-B222-43BB-A65F-B1D80A936071}.Release|Any CPU.Build.0 = Release|Any CPU
		{4AB1BCBA-CB15-4188-87E1-1085E1558530}.Debug|Any CPU.ActiveCfg = Debug|Any CPU
		{4AB1BCBA-CB15-4188-87E1-1085E1558530}.Debug|Any CPU.Build.0 = Debug|Any CPU
		{4AB1BCBA-CB15-4188-87E1-1085E1558530}.Release|Any CPU.ActiveCfg = Release|Any CPU
		{4AB1BCBA-CB15-4188-87E1-1085E1558530}.Release|Any CPU.Build.0 = Release|Any CPU
		{1382D930-CAED-4265-A7C5-07EE73BF2B82}.Debug|Any CPU.ActiveCfg = Debug|Any CPU
		{1382D930-CAED-4265-A7C5-07EE73BF2B82}.Debug|Any CPU.Build.0 = Debug|Any CPU
		{1382D930-CAED-4265-A7C5-07EE73BF2B82}.Release|Any CPU.ActiveCfg = Release|Any CPU
		{1382D930-CAED-4265-A7C5-07EE73BF2B82}.Release|Any CPU.Build.0 = Release|Any CPU
		{D47A827B-5696-427A-8FBE-0507A874706E}.Debug|Any CPU.ActiveCfg = Debug|Any CPU
		{D47A827B-5696-427A-8FBE-0507A874706E}.Debug|Any CPU.Build.0 = Debug|Any CPU
		{D47A827B-5696-427A-8FBE-0507A874706E}.Release|Any CPU.ActiveCfg = Release|Any CPU
		{D47A827B-5696-427A-8FBE-0507A874706E}.Release|Any CPU.Build.0 = Release|Any CPU
		{F799FB4B-71A6-4356-9E6D-D11CE9D708F8}.Debug|Any CPU.ActiveCfg = Debug|Any CPU
		{F799FB4B-71A6-4356-9E6D-D11CE9D708F8}.Debug|Any CPU.Build.0 = Debug|Any CPU
		{F799FB4B-71A6-4356-9E6D-D11CE9D708F8}.Release|Any CPU.ActiveCfg = Release|Any CPU
		{F799FB4B-71A6-4356-9E6D-D11CE9D708F8}.Release|Any CPU.Build.0 = Release|Any CPU
		{0CD39BDB-8CDB-4697-B082-57E620BDC2F4}.Debug|Any CPU.ActiveCfg = Debug|Any CPU
		{0CD39BDB-8CDB-4697-B082-57E620BDC2F4}.Debug|Any CPU.Build.0 = Debug|Any CPU
		{0CD39BDB-8CDB-4697-B082-57E620BDC2F4}.Release|Any CPU.ActiveCfg = Release|Any CPU
		{0CD39BDB-8CDB-4697-B082-57E620BDC2F4}.Release|Any CPU.Build.0 = Release|Any CPU
		{8BDA272A-F7D0-49E1-8D5D-0D12E9ED36B9}.Debug|Any CPU.ActiveCfg = Debug|Any CPU
		{8BDA272A-F7D0-49E1-8D5D-0D12E9ED36B9}.Debug|Any CPU.Build.0 = Debug|Any CPU
		{8BDA272A-F7D0-49E1-8D5D-0D12E9ED36B9}.Release|Any CPU.ActiveCfg = Release|Any CPU
		{8BDA272A-F7D0-49E1-8D5D-0D12E9ED36B9}.Release|Any CPU.Build.0 = Release|Any CPU
		{0BD67DDC-0E52-4289-8C18-0B5E4E956B79}.Debug|Any CPU.ActiveCfg = Debug|Any CPU
		{0BD67DDC-0E52-4289-8C18-0B5E4E956B79}.Debug|Any CPU.Build.0 = Debug|Any CPU
		{0BD67DDC-0E52-4289-8C18-0B5E4E956B79}.Release|Any CPU.ActiveCfg = Release|Any CPU
		{0BD67DDC-0E52-4289-8C18-0B5E4E956B79}.Release|Any CPU.Build.0 = Release|Any CPU
		{4F1C76AA-63E7-471B-B85C-6A9F4176C228}.Debug|Any CPU.ActiveCfg = Debug|Any CPU
		{4F1C76AA-63E7-471B-B85C-6A9F4176C228}.Debug|Any CPU.Build.0 = Debug|Any CPU
		{4F1C76AA-63E7-471B-B85C-6A9F4176C228}.Release|Any CPU.ActiveCfg = Release|Any CPU
		{4F1C76AA-63E7-471B-B85C-6A9F4176C228}.Release|Any CPU.Build.0 = Release|Any CPU
		{D489B417-0CCF-4D60-9FA6-34CCB5F03E13}.Debug|Any CPU.ActiveCfg = Debug|Any CPU
		{D489B417-0CCF-4D60-9FA6-34CCB5F03E13}.Debug|Any CPU.Build.0 = Debug|Any CPU
		{D489B417-0CCF-4D60-9FA6-34CCB5F03E13}.Release|Any CPU.ActiveCfg = Release|Any CPU
		{D489B417-0CCF-4D60-9FA6-34CCB5F03E13}.Release|Any CPU.Build.0 = Release|Any CPU
		{162F9821-BF7E-4A63-B7C0-495CD1FA0DF6}.Debug|Any CPU.ActiveCfg = Debug|Any CPU
		{162F9821-BF7E-4A63-B7C0-495CD1FA0DF6}.Debug|Any CPU.Build.0 = Debug|Any CPU
		{162F9821-BF7E-4A63-B7C0-495CD1FA0DF6}.Release|Any CPU.ActiveCfg = Release|Any CPU
		{162F9821-BF7E-4A63-B7C0-495CD1FA0DF6}.Release|Any CPU.Build.0 = Release|Any CPU
		{27DDF615-5CA8-4ED6-A7DE-82E7AF1156F6}.Debug|Any CPU.ActiveCfg = Debug|Any CPU
		{27DDF615-5CA8-4ED6-A7DE-82E7AF1156F6}.Debug|Any CPU.Build.0 = Debug|Any CPU
		{27DDF615-5CA8-4ED6-A7DE-82E7AF1156F6}.Release|Any CPU.ActiveCfg = Release|Any CPU
		{27DDF615-5CA8-4ED6-A7DE-82E7AF1156F6}.Release|Any CPU.Build.0 = Release|Any CPU
		{4EDAA264-9714-4E3B-8EBC-3F9FE4E309AC}.Debug|Any CPU.ActiveCfg = Debug|Any CPU
		{4EDAA264-9714-4E3B-8EBC-3F9FE4E309AC}.Debug|Any CPU.Build.0 = Debug|Any CPU
		{4EDAA264-9714-4E3B-8EBC-3F9FE4E309AC}.Release|Any CPU.ActiveCfg = Release|Any CPU
		{4EDAA264-9714-4E3B-8EBC-3F9FE4E309AC}.Release|Any CPU.Build.0 = Release|Any CPU
		{38F9D02C-8FE5-4A3F-982F-60CBF829FB48}.Debug|Any CPU.ActiveCfg = Debug|Any CPU
		{38F9D02C-8FE5-4A3F-982F-60CBF829FB48}.Debug|Any CPU.Build.0 = Debug|Any CPU
		{38F9D02C-8FE5-4A3F-982F-60CBF829FB48}.Release|Any CPU.ActiveCfg = Release|Any CPU
		{38F9D02C-8FE5-4A3F-982F-60CBF829FB48}.Release|Any CPU.Build.0 = Release|Any CPU
		{A0354C7A-2C4F-40BC-9D70-F99FE3312AAA}.Debug|Any CPU.ActiveCfg = Debug|Any CPU
		{A0354C7A-2C4F-40BC-9D70-F99FE3312AAA}.Debug|Any CPU.Build.0 = Debug|Any CPU
		{A0354C7A-2C4F-40BC-9D70-F99FE3312AAA}.Release|Any CPU.ActiveCfg = Release|Any CPU
		{A0354C7A-2C4F-40BC-9D70-F99FE3312AAA}.Release|Any CPU.Build.0 = Release|Any CPU
		{37B02681-29EE-45DD-A016-26AA11AE5039}.Debug|Any CPU.ActiveCfg = Debug|Any CPU
		{37B02681-29EE-45DD-A016-26AA11AE5039}.Debug|Any CPU.Build.0 = Debug|Any CPU
		{37B02681-29EE-45DD-A016-26AA11AE5039}.Release|Any CPU.ActiveCfg = Release|Any CPU
		{37B02681-29EE-45DD-A016-26AA11AE5039}.Release|Any CPU.Build.0 = Release|Any CPU
		{E9CEF73F-D260-4F41-86B7-78F1723DB340}.Debug|Any CPU.ActiveCfg = Debug|Any CPU
		{E9CEF73F-D260-4F41-86B7-78F1723DB340}.Debug|Any CPU.Build.0 = Debug|Any CPU
		{E9CEF73F-D260-4F41-86B7-78F1723DB340}.Release|Any CPU.ActiveCfg = Release|Any CPU
		{E9CEF73F-D260-4F41-86B7-78F1723DB340}.Release|Any CPU.Build.0 = Release|Any CPU
		{C0512D3C-C1F1-4E72-A5EF-977C9655B831}.Debug|Any CPU.ActiveCfg = Debug|Any CPU
		{C0512D3C-C1F1-4E72-A5EF-977C9655B831}.Debug|Any CPU.Build.0 = Debug|Any CPU
		{C0512D3C-C1F1-4E72-A5EF-977C9655B831}.Release|Any CPU.ActiveCfg = Release|Any CPU
		{C0512D3C-C1F1-4E72-A5EF-977C9655B831}.Release|Any CPU.Build.0 = Release|Any CPU
		{4E8D1CCB-0E81-4954-A428-B5BB2F4A4A0E}.Debug|Any CPU.ActiveCfg = Debug|Any CPU
		{4E8D1CCB-0E81-4954-A428-B5BB2F4A4A0E}.Debug|Any CPU.Build.0 = Debug|Any CPU
		{4E8D1CCB-0E81-4954-A428-B5BB2F4A4A0E}.Release|Any CPU.ActiveCfg = Release|Any CPU
		{4E8D1CCB-0E81-4954-A428-B5BB2F4A4A0E}.Release|Any CPU.Build.0 = Release|Any CPU
		{33E244E1-6D70-43B5-91EF-84406804FA5B}.Debug|Any CPU.ActiveCfg = Debug|Any CPU
		{33E244E1-6D70-43B5-91EF-84406804FA5B}.Debug|Any CPU.Build.0 = Debug|Any CPU
		{33E244E1-6D70-43B5-91EF-84406804FA5B}.Release|Any CPU.ActiveCfg = Release|Any CPU
		{33E244E1-6D70-43B5-91EF-84406804FA5B}.Release|Any CPU.Build.0 = Release|Any CPU
		{B7EB1EF4-96B2-4FEC-ADD3-79DF6844AB0D}.Debug|Any CPU.ActiveCfg = Debug|Any CPU
		{B7EB1EF4-96B2-4FEC-ADD3-79DF6844AB0D}.Debug|Any CPU.Build.0 = Debug|Any CPU
		{B7EB1EF4-96B2-4FEC-ADD3-79DF6844AB0D}.Release|Any CPU.ActiveCfg = Release|Any CPU
		{B7EB1EF4-96B2-4FEC-ADD3-79DF6844AB0D}.Release|Any CPU.Build.0 = Release|Any CPU
		{29289BE9-A9C7-48EE-99E7-1C5EAF5A99F4}.Debug|Any CPU.ActiveCfg = Debug|Any CPU
		{29289BE9-A9C7-48EE-99E7-1C5EAF5A99F4}.Debug|Any CPU.Build.0 = Debug|Any CPU
		{29289BE9-A9C7-48EE-99E7-1C5EAF5A99F4}.Release|Any CPU.ActiveCfg = Release|Any CPU
		{29289BE9-A9C7-48EE-99E7-1C5EAF5A99F4}.Release|Any CPU.Build.0 = Release|Any CPU
		{9ABAB477-B830-4EF2-949A-CD9AF5DF0543}.Debug|Any CPU.ActiveCfg = Debug|Any CPU
		{9ABAB477-B830-4EF2-949A-CD9AF5DF0543}.Debug|Any CPU.Build.0 = Debug|Any CPU
		{9ABAB477-B830-4EF2-949A-CD9AF5DF0543}.Release|Any CPU.ActiveCfg = Release|Any CPU
		{9ABAB477-B830-4EF2-949A-CD9AF5DF0543}.Release|Any CPU.Build.0 = Release|Any CPU
	EndGlobalSection
	GlobalSection(SolutionProperties) = preSolution
		HideSolutionNode = FALSE
	EndGlobalSection
	GlobalSection(NestedProjects) = preSolution
		{A77B7BD5-B222-43BB-A65F-B1D80A936071} = {1774B583-27A6-4813-9A0E-02AF281F054E}
		{B0862AD3-74DE-4F0A-805E-AA6B3D1DF886} = {1774B583-27A6-4813-9A0E-02AF281F054E}
		{4AB1BCBA-CB15-4188-87E1-1085E1558530} = {B0862AD3-74DE-4F0A-805E-AA6B3D1DF886}
		{1382D930-CAED-4265-A7C5-07EE73BF2B82} = {B0862AD3-74DE-4F0A-805E-AA6B3D1DF886}
		{D47A827B-5696-427A-8FBE-0507A874706E} = {B0862AD3-74DE-4F0A-805E-AA6B3D1DF886}
		{8F46D171-FBB6-4C30-8192-E9F90CF88EE1} = {1774B583-27A6-4813-9A0E-02AF281F054E}
		{F799FB4B-71A6-4356-9E6D-D11CE9D708F8} = {8F46D171-FBB6-4C30-8192-E9F90CF88EE1}
		{0CD39BDB-8CDB-4697-B082-57E620BDC2F4} = {8F46D171-FBB6-4C30-8192-E9F90CF88EE1}
		{8BDA272A-F7D0-49E1-8D5D-0D12E9ED36B9} = {8F46D171-FBB6-4C30-8192-E9F90CF88EE1}
		{0BD67DDC-0E52-4289-8C18-0B5E4E956B79} = {8F46D171-FBB6-4C30-8192-E9F90CF88EE1}
		{D489B417-0CCF-4D60-9FA6-34CCB5F03E13} = {8F46D171-FBB6-4C30-8192-E9F90CF88EE1}
		{E5AD84D1-22FA-47DB-8C99-BF1F6DF03F72} = {1774B583-27A6-4813-9A0E-02AF281F054E}
		{162F9821-BF7E-4A63-B7C0-495CD1FA0DF6} = {E5AD84D1-22FA-47DB-8C99-BF1F6DF03F72}
		{27DDF615-5CA8-4ED6-A7DE-82E7AF1156F6} = {E5AD84D1-22FA-47DB-8C99-BF1F6DF03F72}
		{4EDAA264-9714-4E3B-8EBC-3F9FE4E309AC} = {E5AD84D1-22FA-47DB-8C99-BF1F6DF03F72}
		{38F9D02C-8FE5-4A3F-982F-60CBF829FB48} = {E5AD84D1-22FA-47DB-8C99-BF1F6DF03F72}
		{848D889B-A43A-46E4-91B2-A7A0070F3F70} = {1774B583-27A6-4813-9A0E-02AF281F054E}
		{A0354C7A-2C4F-40BC-9D70-F99FE3312AAA} = {848D889B-A43A-46E4-91B2-A7A0070F3F70}
		{37B02681-29EE-45DD-A016-26AA11AE5039} = {848D889B-A43A-46E4-91B2-A7A0070F3F70}
		{E9CEF73F-D260-4F41-86B7-78F1723DB340} = {848D889B-A43A-46E4-91B2-A7A0070F3F70}
		{C0512D3C-C1F1-4E72-A5EF-977C9655B831} = {848D889B-A43A-46E4-91B2-A7A0070F3F70}
		{BC620E8E-619E-44F0-AEDD-B2D6464AAB56} = {1774B583-27A6-4813-9A0E-02AF281F054E}
		{4E8D1CCB-0E81-4954-A428-B5BB2F4A4A0E} = {BC620E8E-619E-44F0-AEDD-B2D6464AAB56}
		{33E244E1-6D70-43B5-91EF-84406804FA5B} = {BC620E8E-619E-44F0-AEDD-B2D6464AAB56}
		{B7EB1EF4-96B2-4FEC-ADD3-79DF6844AB0D} = {BC620E8E-619E-44F0-AEDD-B2D6464AAB56}
		{29289BE9-A9C7-48EE-99E7-1C5EAF5A99F4} = {BC620E8E-619E-44F0-AEDD-B2D6464AAB56}
		{9ABAB477-B830-4EF2-949A-CD9AF5DF0543} = {BC620E8E-619E-44F0-AEDD-B2D6464AAB56}
	EndGlobalSection
	GlobalSection(ExtensibilityGlobals) = postSolution
		SolutionGuid = {80775800-F43D-417A-98DB-C3867D7FABB2}
	EndGlobalSection
EndGlobal
